
Microsoft Visual Studio Solution File, Format Version 12.00
# Visual Studio Version 17
VisualStudioVersion = 17.7.34031.279
MinimumVisualStudioVersion = 10.0.40219.1
Project("{FAE04EC0-301F-11D3-BF4B-00C04F79EFBC}") = "CommandParserTest", "CommandParserTest\CommandParserTest.csproj", "{266514B4-6194-4D69-8580-55B6A1C4CEFA}"
EndProject
Global
	GlobalSection(SolutionConfigurationPlatforms) = preSolution
		Debug|Any CPU = Debug|Any CPU
		Release|Any CPU = Release|Any CPU
	EndGlobalSection
	GlobalSection(ProjectConfigurationPlatforms) = postSolution
		{266514B4-6194-4D69-8580-55B6A1C4CEFA}.Debug|Any CPU.ActiveCfg = Debug|Any CPU
		{266514B4-6194-4D69-8580-55B6A1C4CEFA}.Debug|Any CPU.Build.0 = Debug|Any CPU
		{266514B4-6194-4D69-8580-55B6A1C4CEFA}.Release|Any CPU.ActiveCfg = Release|Any CPU
		{266514B4-6194-4D69-8580-55B6A1C4CEFA}.Release|Any CPU.Build.0 = Release|Any CPU
	EndGlobalSection
	GlobalSection(SolutionProperties) = preSolution
		HideSolutionNode = FALSE
	EndGlobalSection
	GlobalSection(ExtensibilityGlobals) = postSolution
		SolutionGuid = {EB7F78AA-7BCA-4266-AB1B-BFC456D43A5D}
	EndGlobalSection
EndGlobal
